
Microsoft Visual Studio Solution File, Format Version 12.00
# Visual Studio 15
VisualStudioVersion = 15.0.28307.1022
MinimumVisualStudioVersion = 10.0.40219.1
Project("{FAE04EC0-301F-11D3-BF4B-00C04F79EFBC}") = "WinFormsDirectoryTreeHost", "WinFormsDirectoryTreeHost\WinFormsDirectoryTreeHost.csproj", "{4169720D-60CE-4526-8C07-BF994CA4FD1F}"
EndProject
Project("{FAE04EC0-301F-11D3-BF4B-00C04F79EFBC}") = "WinFormsDirectoryTreeControl", "WinFormsDirectoryTreeControl\WinFormsDirectoryTreeControl.csproj", "{21853586-CAEA-45D6-A93F-7C5AE4AB5091}"
EndProject
Global
	GlobalSection(SolutionConfigurationPlatforms) = preSolution
		Debug|Any CPU = Debug|Any CPU
		Release|Any CPU = Release|Any CPU
	EndGlobalSection
	GlobalSection(ProjectConfigurationPlatforms) = postSolution
		{4169720D-60CE-4526-8C07-BF994CA4FD1F}.Debug|Any CPU.ActiveCfg = Debug|Any CPU
		{4169720D-60CE-4526-8C07-BF994CA4FD1F}.Debug|Any CPU.Build.0 = Debug|Any CPU
		{4169720D-60CE-4526-8C07-BF994CA4FD1F}.Release|Any CPU.ActiveCfg = Release|Any CPU
		{4169720D-60CE-4526-8C07-BF994CA4FD1F}.Release|Any CPU.Build.0 = Release|Any CPU
		{21853586-CAEA-45D6-A93F-7C5AE4AB5091}.Debug|Any CPU.ActiveCfg = Debug|Any CPU
		{21853586-CAEA-45D6-A93F-7C5AE4AB5091}.Debug|Any CPU.Build.0 = Debug|Any CPU
		{21853586-CAEA-45D6-A93F-7C5AE4AB5091}.Release|Any CPU.ActiveCfg = Release|Any CPU
		{21853586-CAEA-45D6-A93F-7C5AE4AB5091}.Release|Any CPU.Build.0 = Release|Any CPU
	EndGlobalSection
	GlobalSection(SolutionProperties) = preSolution
		HideSolutionNode = FALSE
	EndGlobalSection
	GlobalSection(ExtensibilityGlobals) = postSolution
		SolutionGuid = {D3FD44AA-679C-44FA-9017-213DEC9F7DC1}
	EndGlobalSection
EndGlobal
